
Microsoft Visual Studio Solution File, Format Version 12.00
# Visual Studio Version 17
VisualStudioVersion = 17.0.32112.339
MinimumVisualStudioVersion = 10.0.40219.1
Project("{9A19103F-16F7-4668-BE54-9A1E7A4F7556}") = "NumConverter", "NumConverter\NumConverter.csproj", "{416F580D-1EC5-400C-B18C-EE6548F8663E}"
EndProject
Project("{2150E333-8FDC-42A3-9474-1A3956D46DE8}") = "Solution Items", "Solution Items", "{D4B96000-DD88-4DE8-8453-7C3F756D3FA6}"
	ProjectSection(SolutionItems) = preProject
		README.md = README.md
	EndProjectSection
EndProject
Project("{FAE04EC0-301F-11D3-BF4B-00C04F79EFBC}") = "FormulaRenderer", "FormulaRenderer\FormulaRenderer.csproj", "{0C613724-5CD8-4D1B-9320-E6275BDB8077}"
EndProject
Global
	GlobalSection(SolutionConfigurationPlatforms) = preSolution
		Debug|Any CPU = Debug|Any CPU
		Release|Any CPU = Release|Any CPU
	EndGlobalSection
	GlobalSection(ProjectConfigurationPlatforms) = postSolution
		{416F580D-1EC5-400C-B18C-EE6548F8663E}.Debug|Any CPU.ActiveCfg = Debug|Any CPU
		{416F580D-1EC5-400C-B18C-EE6548F8663E}.Debug|Any CPU.Build.0 = Debug|Any CPU
		{416F580D-1EC5-400C-B18C-EE6548F8663E}.Release|Any CPU.ActiveCfg = Release|Any CPU
		{416F580D-1EC5-400C-B18C-EE6548F8663E}.Release|Any CPU.Build.0 = Release|Any CPU
		{0C613724-5CD8-4D1B-9320-E6275BDB8077}.Debug|Any CPU.ActiveCfg = Debug|Any CPU
		{0C613724-5CD8-4D1B-9320-E6275BDB8077}.Debug|Any CPU.Build.0 = Debug|Any CPU
		{0C613724-5CD8-4D1B-9320-E6275BDB8077}.Release|Any CPU.ActiveCfg = Release|Any CPU
		{0C613724-5CD8-4D1B-9320-E6275BDB8077}.Release|Any CPU.Build.0 = Release|Any CPU
	EndGlobalSection
	GlobalSection(SolutionProperties) = preSolution
		HideSolutionNode = FALSE
	EndGlobalSection
	GlobalSection(ExtensibilityGlobals) = postSolution
		SolutionGuid = {0C64F8B8-E446-430E-B8FA-3AEB326D1396}
	EndGlobalSection
EndGlobal
